// !$*UTF8*$!
{
	archiveVersion = 1;
	classes = {
	};
	objectVersion = 46;
	objects = {

/* Begin PBXBuildFile section */
		FCA1532FB2D84E28F2128AA9 /* ViewController.swift in Sources */ = {isa = PBXBuildFile; fileRef = FCA15F9238A0970C593AB707 /* ViewController.swift */; };
		FCA154004B97D64A9C1C1583 /* LaunchScreen.storyboard in Resources */ = {isa = PBXBuildFile; fileRef = FCA15125C2646516FC325B6B /* LaunchScreen.storyboard */; };
		FCA156DB672A00B73F2CA5F3 /* Main.storyboard in Resources */ = {isa = PBXBuildFile; fileRef = FCA152790AD1444B31D444F4 /* Main.storyboard */; };
		FCA15D7B2FED957C81C7656D /* Assets.xcassets in Resources */ = {isa = PBXBuildFile; fileRef = FCA1525483E7654DAD83FFF7 /* Assets.xcassets */; };
		FCA15E508194A37D6AC11D20 /* AppDelegate.swift in Sources */ = {isa = PBXBuildFile; fileRef = FCA15D2585662624C1AF20A3 /* AppDelegate.swift */; };
/* End PBXBuildFile section */

/* Begin PBXFileReference section */
		FCA15104F672559845CB0F1D /* Base */ = {isa = PBXFileReference; lastKnownFileType = file.storyboard; name = Base; path = Base.lproj/LaunchScreen.storyboard; sourceTree = "<group>"; };
		FCA1525483E7654DAD83FFF7 /* Assets.xcassets */ = {isa = PBXFileReference; lastKnownFileType = folder.assetcatalog; path = Assets.xcassets; sourceTree = "<group>"; };
		FCA152954B4D64B7080C7814 /* Base */ = {isa = PBXFileReference; lastKnownFileType = file.storyboard; name = Base; path = Base.lproj/Main.storyboard; sourceTree = "<group>"; };
		FCA1580E647DBCAA8DEC9FF4 /* AnimatedSplash_Leon.app */ = {isa = PBXFileReference; explicitFileType = wrapper.application; includeInIndex = 0; path = AnimatedSplash_Leon.app; sourceTree = BUILT_PRODUCTS_DIR; };
		FCA15D2585662624C1AF20A3 /* AppDelegate.swift */ = {isa = PBXFileReference; lastKnownFileType = sourcecode.swift; path = AppDelegate.swift; sourceTree = "<group>"; };
		FCA15D38A89F4998F4736295 /* Info.plist */ = {isa = PBXFileReference; lastKnownFileType = text.plist.info; path = Info.plist; sourceTree = "<group>"; };
		FCA15F9238A0970C593AB707 /* ViewController.swift */ = {isa = PBXFileReference; lastKnownFileType = sourcecode.swift; path = ViewController.swift; sourceTree = "<group>"; };
/* End PBXFileReference section */

/* Begin PBXFrameworksBuildPhase section */
		FCA15F702C102C94BF634D0C /* Frameworks */ = {
			isa = PBXFrameworksBuildPhase;
			buildActionMask = 2147483647;
			files = (
			);
			runOnlyForDeploymentPostprocessing = 0;
		};
/* End PBXFrameworksBuildPhase section */

/* Begin PBXGroup section */
		FCA15122105D348B170D97A3 /* Products */ = {
			isa = PBXGroup;
			children = (
				FCA1580E647DBCAA8DEC9FF4 /* AnimatedSplash_Leon.app */,
			);
			name = Products;
			sourceTree = "<group>";
		};
		FCA1516BDC08E34F3000722B /* AnimatedSplash_Leon */ = {
			isa = PBXGroup;
			children = (
				FCA15D38A89F4998F4736295 /* Info.plist */,
				FCA1525483E7654DAD83FFF7 /* Assets.xcassets */,
				FCA15125C2646516FC325B6B /* LaunchScreen.storyboard */,
				FCA15D2585662624C1AF20A3 /* AppDelegate.swift */,
				FCA152790AD1444B31D444F4 /* Main.storyboard */,
				FCA15F9238A0970C593AB707 /* ViewController.swift */,
			);
			path = AnimatedSplash_Leon;
			sourceTree = "<group>";
		};
		FCA155A9EBF24677A32CC716 = {
			isa = PBXGroup;
			children = (
				FCA15122105D348B170D97A3 /* Products */,
				FCA1516BDC08E34F3000722B /* AnimatedSplash_Leon */,
			);
			sourceTree = "<group>";
		};
/* End PBXGroup section */

/* Begin PBXNativeTarget section */
		FCA15427F5C741CCD3F8E9F7 /* AnimatedSplash_Leon */ = {
			isa = PBXNativeTarget;
			buildConfigurationList = FCA1555812693CE7EAAF9933 /* Build configuration list for PBXNativeTarget "AnimatedSplash_Leon" */;
			buildPhases = (
				FCA1565F2423BEE9F32FFEA4 /* Sources */,
				FCA15F702C102C94BF634D0C /* Frameworks */,
				FCA15F4E37F3A97B081E96E6 /* Resources */,
			);
			buildRules = (
			);
			dependencies = (
			);
			name = AnimatedSplash_Leon;
			productName = AnimatedSplash_Leon;
			productReference = FCA1580E647DBCAA8DEC9FF4 /* AnimatedSplash_Leon.app */;
			productType = "com.apple.product-type.application";
		};
/* End PBXNativeTarget section */

/* Begin PBXProject section */
		FCA15F394D5DD92D4D1134BC /* Project object */ = {
			isa = PBXProject;
			attributes = {
				ORGANIZATIONNAME = clem;
				TargetAttributes = {
					FCA15427F5C741CCD3F8E9F7 = {
						DevelopmentTeam = FCKB72E74L;
					};
				};
			};
			buildConfigurationList = FCA154A8DB4E10AE23A77292 /* Build configuration list for PBXProject "AnimatedSplash_Leon" */;
			compatibilityVersion = "Xcode 3.2";
			developmentRegion = English;
			hasScannedForEncodings = 0;
			knownRegions = (
				en,
			);
			mainGroup = FCA155A9EBF24677A32CC716;
			productRefGroup = FCA15122105D348B170D97A3 /* Products */;
			projectDirPath = "";
			projectRoot = "";
			targets = (
				FCA15427F5C741CCD3F8E9F7 /* AnimatedSplash_Leon */,
			);
		};
/* End PBXProject section */

/* Begin PBXResourcesBuildPhase section */
		FCA15F4E37F3A97B081E96E6 /* Resources */ = {
			isa = PBXResourcesBuildPhase;
			buildActionMask = 2147483647;
			files = (
				FCA15D7B2FED957C81C7656D /* Assets.xcassets in Resources */,
				FCA154004B97D64A9C1C1583 /* LaunchScreen.storyboard in Resources */,
				FCA156DB672A00B73F2CA5F3 /* Main.storyboard in Resources */,
			);
			runOnlyForDeploymentPostprocessing = 0;
		};
/* End PBXResourcesBuildPhase section */

/* Begin PBXSourcesBuildPhase section */
		FCA1565F2423BEE9F32FFEA4 /* Sources */ = {
			isa = PBXSourcesBuildPhase;
			buildActionMask = 2147483647;
			files = (
				FCA15E508194A37D6AC11D20 /* AppDelegate.swift in Sources */,
				FCA1532FB2D84E28F2128AA9 /* ViewController.swift in Sources */,
			);
			runOnlyForDeploymentPostprocessing = 0;
		};
/* End PBXSourcesBuildPhase section */

/* Begin PBXVariantGroup section */
		FCA15125C2646516FC325B6B /* LaunchScreen.storyboard */ = {
			isa = PBXVariantGroup;
			children = (
				FCA15104F672559845CB0F1D /* Base */,
			);
			name = LaunchScreen.storyboard;
			sourceTree = "<group>";
		};
		FCA152790AD1444B31D444F4 /* Main.storyboard */ = {
			isa = PBXVariantGroup;
			children = (
				FCA152954B4D64B7080C7814 /* Base */,
			);
			name = Main.storyboard;
			sourceTree = "<group>";
		};
/* End PBXVariantGroup section */

/* Begin XCBuildConfiguration section */
		FCA152BC0635F6A41FD31D8E /* Release */ = {
			isa = XCBuildConfiguration;
			buildSettings = {
				ASSETCATALOG_COMPILER_APPICON_NAME = AppIcon;
				DEVELOPMENT_TEAM = FCKB72E74L;
				INFOPLIST_FILE = AnimatedSplash_Leon/Info.plist;
				LD_RUNPATH_SEARCH_PATHS = "$(inherited) @executable_path/Frameworks";
				PRODUCT_BUNDLE_IDENTIFIER = "com.clem.www.AnimatedSplash-Leon";
				PRODUCT_NAME = "$(TARGET_NAME)";
				SWIFT_VERSION = 3.1;
			};
			name = Release;
		};
		FCA1536DA4CC27C85EF7E61A /* Debug */ = {
			isa = XCBuildConfiguration;
			buildSettings = {
				ALWAYS_SEARCH_USER_PATHS = NO;
				CLANG_ANALYZER_NONNULL = YES;
				CLANG_ANALYZER_NUMBER_OBJECT_CONVERSION = YES_AGGRESSIVE;
				CLANG_CXX_LANGUAGE_STANDARD = "gnu++0x";
				CLANG_CXX_LIBRARY = "libc++";
				CLANG_ENABLE_MODULES = YES;
				CLANG_ENABLE_OBJC_ARC = YES;
				CLANG_WARN_BOOL_CONVERSION = YES;
				CLANG_WARN_CONSTANT_CONVERSION = YES;
				CLANG_WARN_DIRECT_OBJC_ISA_USAGE = YES_ERROR;
				CLANG_WARN_DOCUMENTATION_COMMENTS = YES;
				CLANG_WARN_EMPTY_BODY = YES;
				CLANG_WARN_ENUM_CONVERSION = YES;
				CLANG_WARN_INFINITE_RECURSION = YES;
				CLANG_WARN_INT_CONVERSION = YES;
				CLANG_WARN_OBJC_ROOT_CLASS = YES_ERROR;
				CLANG_WARN_SUSPICIOUS_MOVE = YES;
				CLANG_WARN_UNREACHABLE_CODE = YES;
				CLANG_WARN__DUPLICATE_METHOD_MATCH = YES;
				"CODE_SIGN_IDENTITY[sdk=iphoneos*]" = "iPhone Developer";
				COPY_PHASE_STRIP = NO;
				DEBUG_INFORMATION_FORMAT = dwarf;
				ENABLE_STRICT_OBJC_MSGSEND = YES;
				ENABLE_TESTABILITY = YES;
				GCC_C_LANGUAGE_STANDARD = gnu99;
				GCC_DYNAMIC_NO_PIC = NO;
				GCC_NO_COMMON_BLOCKS = YES;
				GCC_OPTIMIZATION_LEVEL = 0;
				GCC_PREPROCESSOR_DEFINITIONS = (
					"DEBUG=1",
					"$(inherited)",
				);
				GCC_WARN_64_TO_32_BIT_CONVERSION = YES;
				GCC_WARN_ABOUT_RETURN_TYPE = YES_ERROR;
				GCC_WARN_UNDECLARED_SELECTOR = YES;
				GCC_WARN_UNINITIALIZED_AUTOS = YES_AGGRESSIVE;
				GCC_WARN_UNUSED_FUNCTION = YES;
				GCC_WARN_UNUSED_VARIABLE = YES;
				IPHONEOS_DEPLOYMENT_TARGET = 10.3;
				MTL_ENABLE_DEBUG_INFO = YES;
				ONLY_ACTIVE_ARCH = YES;
				SDKROOT = iphoneos;
				SWIFT_ACTIVE_COMPILATION_CONDITIONS = DEBUG;
				SWIFT_OPTIMIZATION_LEVEL = "-Onone";
				TARGETED_DEVICE_FAMILY = "1,2";
			};
			name = Debug;
		};
		FCA15D9BAFD448C0C584DEBE /* Debug */ = {
			isa = XCBuildConfiguration;
			buildSettings = {
				ASSETCATALOG_COMPILER_APPICON_NAME = AppIcon;
				DEVELOPMENT_TEAM = FCKB72E74L;
				INFOPLIST_FILE = AnimatedSplash_Leon/Info.plist;
				LD_RUNPATH_SEARCH_PATHS = "$(inherited) @executable_path/Frameworks";
				PRODUCT_BUNDLE_IDENTIFIER = "com.clem.www.AnimatedSplash-Leon";
				PRODUCT_NAME = "$(TARGET_NAME)";
				SWIFT_VERSION = 3.1;
			};
			name = Debug;
		};
		FCA15F16C88694EA1F0AA44B /* Release */ = {
			isa = XCBuildConfiguration;
			buildSettings = {
				ALWAYS_SEARCH_USER_PATHS = NO;
				CLANG_ANALYZER_NONNULL = YES;
				CLANG_ANALYZER_NUMBER_OBJECT_CONVERSION = YES_AGGRESSIVE;
				CLANG_CXX_LANGUAGE_STANDARD = "gnu++0x";
				CLANG_CXX_LIBRARY = "libc++";
				CLANG_ENABLE_MODULES = YES;
				CLANG_ENABLE_OBJC_ARC = YES;
				CLANG_WARN_BOOL_CONVERSION = YES;
				CLANG_WARN_CONSTANT_CONVERSION = YES;
				CLANG_WARN_DIRECT_OBJC_ISA_USAGE = YES_ERROR;
				CLANG_WARN_DOCUMENTATION_COMMENTS = YES;
				CLANG_WARN_EMPTY_BODY = YES;
				CLANG_WARN_ENUM_CONVERSION = YES;
				CLANG_WARN_INFINITE_RECURSION = YES;
				CLANG_WARN_INT_CONVERSION = YES;
				CLANG_WARN_OBJC_ROOT_CLASS = YES_ERROR;
				CLANG_WARN_SUSPICIOUS_MOVE = YES;
				CLANG_WARN_UNREACHABLE_CODE = YES;
				CLANG_WARN__DUPLICATE_METHOD_MATCH = YES;
				"CODE_SIGN_IDENTITY[sdk=iphoneos*]" = "iPhone Developer";
				COPY_PHASE_STRIP = NO;
				DEBUG_INFORMATION_FORMAT = "dwarf-with-dsym";
				ENABLE_NS_ASSERTIONS = NO;
				ENABLE_STRICT_OBJC_MSGSEND = YES;
				GCC_C_LANGUAGE_STANDARD = gnu99;
				GCC_NO_COMMON_BLOCKS = YES;
				GCC_WARN_64_TO_32_BIT_CONVERSION = YES;
				GCC_WARN_ABOUT_RETURN_TYPE = YES_ERROR;
				GCC_WARN_UNDECLARED_SELECTOR = YES;
				GCC_WARN_UNINITIALIZED_AUTOS = YES_AGGRESSIVE;
				GCC_WARN_UNUSED_FUNCTION = YES;
				GCC_WARN_UNUSED_VARIABLE = YES;
				IPHONEOS_DEPLOYMENT_TARGET = 10.3;
				MTL_ENABLE_DEBUG_INFO = NO;
				SDKROOT = iphoneos;
				SWIFT_OPTIMIZATION_LEVEL = "-Owholemodule";
				TARGETED_DEVICE_FAMILY = "1,2";
				VALIDATE_PRODUCT = YES;
			};
			name = Release;
		};
/* End XCBuildConfiguration section */

/* Begin XCConfigurationList section */
		FCA154A8DB4E10AE23A77292 /* Build configuration list for PBXProject "AnimatedSplash_Leon" */ = {
			isa = XCConfigurationList;
			buildConfigurations = (
				FCA1536DA4CC27C85EF7E61A /* Debug */,
				FCA15F16C88694EA1F0AA44B /* Release */,
			);
			defaultConfigurationIsVisible = 0;
			defaultConfigurationName = Release;
		};
		FCA1555812693CE7EAAF9933 /* Build configuration list for PBXNativeTarget "AnimatedSplash_Leon" */ = {
			isa = XCConfigurationList;
			buildConfigurations = (
				FCA15D9BAFD448C0C584DEBE /* Debug */,
				FCA152BC0635F6A41FD31D8E /* Release */,
			);
			defaultConfigurationIsVisible = 0;
			defaultConfigurationName = Release;
		};
/* End XCConfigurationList section */
	};
	rootObject = FCA15F394D5DD92D4D1134BC /* Project object */;
}
